
Microsoft Visual Studio Solution File, Format Version 10.00
# Visual Studio 2008
Project("{FAE04EC0-301F-11D3-BF4B-00C04F79EFBC}") = "OESNet", "OESNet\OESNet.csproj", "{2FBA91F5-5F29-4272-8DD2-C9A65456AE93}"
EndProject
Global
	GlobalSection(SubversionScc) = preSolution
		Svn-Managed = True
		Manager = AnkhSVN - Subversion Support for Visual Studio
	EndGlobalSection
	GlobalSection(SolutionConfigurationPlatforms) = preSolution
		Debug|Any CPU = Debug|Any CPU
		Debug|x86 = Debug|x86
		Release|Any CPU = Release|Any CPU
		Release|x86 = Release|x86
	EndGlobalSection
	GlobalSection(ProjectConfigurationPlatforms) = postSolution
		{2FBA91F5-5F29-4272-8DD2-C9A65456AE93}.Debug|Any CPU.ActiveCfg = Debug|Any CPU
		{2FBA91F5-5F29-4272-8DD2-C9A65456AE93}.Debug|Any CPU.Build.0 = Debug|Any CPU
		{2FBA91F5-5F29-4272-8DD2-C9A65456AE93}.Debug|x86.ActiveCfg = Debug|x86
		{2FBA91F5-5F29-4272-8DD2-C9A65456AE93}.Debug|x86.Build.0 = Debug|x86
		{2FBA91F5-5F29-4272-8DD2-C9A65456AE93}.Release|Any CPU.ActiveCfg = Release|Any CPU
		{2FBA91F5-5F29-4272-8DD2-C9A65456AE93}.Release|Any CPU.Build.0 = Release|Any CPU
		{2FBA91F5-5F29-4272-8DD2-C9A65456AE93}.Release|x86.ActiveCfg = Release|x86
		{2FBA91F5-5F29-4272-8DD2-C9A65456AE93}.Release|x86.Build.0 = Release|x86
	EndGlobalSection
	GlobalSection(SolutionProperties) = preSolution
		HideSolutionNode = FALSE
	EndGlobalSection
EndGlobal
